
Microsoft Visual Studio Solution File, Format Version 12.00
# Visual Studio for Mac
Project("{FAE04EC0-301F-11D3-BF4B-00C04F79EFBC}") = "Assembly-CSharp", "Assembly-CSharp.csproj", "{0F7BCEDF-4EA0-3841-637E-57DE9E256C8E}"
EndProject
Project("{FAE04EC0-301F-11D3-BF4B-00C04F79EFBC}") = "Assembly-CSharp-Editor", "Assembly-CSharp-Editor.csproj", "{71DAF0AD-D376-006F-D324-828E0F7369AD}"
EndProject
Global
	GlobalSection(SolutionConfigurationPlatforms) = preSolution
		Debug|Any CPU = Debug|Any CPU
		Release|Any CPU = Release|Any CPU
	EndGlobalSection
	GlobalSection(ProjectConfigurationPlatforms) = postSolution
		{0F7BCEDF-4EA0-3841-637E-57DE9E256C8E}.Debug|Any CPU.ActiveCfg = Debug|Any CPU
		{0F7BCEDF-4EA0-3841-637E-57DE9E256C8E}.Debug|Any CPU.Build.0 = Debug|Any CPU
		{0F7BCEDF-4EA0-3841-637E-57DE9E256C8E}.Release|Any CPU.ActiveCfg = Release|Any CPU
		{0F7BCEDF-4EA0-3841-637E-57DE9E256C8E}.Release|Any CPU.Build.0 = Release|Any CPU
		{71DAF0AD-D376-006F-D324-828E0F7369AD}.Debug|Any CPU.ActiveCfg = Debug|Any CPU
		{71DAF0AD-D376-006F-D324-828E0F7369AD}.Debug|Any CPU.Build.0 = Debug|Any CPU
		{71DAF0AD-D376-006F-D324-828E0F7369AD}.Release|Any CPU.ActiveCfg = Release|Any CPU
		{71DAF0AD-D376-006F-D324-828E0F7369AD}.Release|Any CPU.Build.0 = Release|Any CPU
	EndGlobalSection
	GlobalSection(SolutionProperties) = preSolution
		HideSolutionNode = FALSE
	EndGlobalSection
EndGlobal
